
Microsoft Visual Studio Solution File, Format Version 12.00
# Visual Studio Version 16
VisualStudioVersion = 16.0.29613.14
MinimumVisualStudioVersion = 10.0.40219.1
Project("{FAE04EC0-301F-11D3-BF4B-00C04F79EFBC}") = "Raid_ControlCounter", "Raid_ControlCounter\Raid_ControlCounter.csproj", "{1B82F0F9-5B84-4602-8EFA-92E47CE0A59A}"
EndProject
Global
	GlobalSection(SolutionConfigurationPlatforms) = preSolution
		Debug|Any CPU = Debug|Any CPU
		Release|Any CPU = Release|Any CPU
	EndGlobalSection
	GlobalSection(ProjectConfigurationPlatforms) = postSolution
		{1B82F0F9-5B84-4602-8EFA-92E47CE0A59A}.Debug|Any CPU.ActiveCfg = Debug|Any CPU
		{1B82F0F9-5B84-4602-8EFA-92E47CE0A59A}.Debug|Any CPU.Build.0 = Debug|Any CPU
		{1B82F0F9-5B84-4602-8EFA-92E47CE0A59A}.Release|Any CPU.ActiveCfg = Release|Any CPU
		{1B82F0F9-5B84-4602-8EFA-92E47CE0A59A}.Release|Any CPU.Build.0 = Release|Any CPU
	EndGlobalSection
	GlobalSection(SolutionProperties) = preSolution
		HideSolutionNode = FALSE
	EndGlobalSection
	GlobalSection(ExtensibilityGlobals) = postSolution
		SolutionGuid = {66DB5BD0-1928-4127-8CD5-857C247778F5}
	EndGlobalSection
EndGlobal
